
Microsoft Visual Studio Solution File, Format Version 12.00
# Visual Studio Version 17
VisualStudioVersion = 17.8.34525.116
MinimumVisualStudioVersion = 10.0.40219.1
Project("{9A19103F-16F7-4668-BE54-9A1E7A4F7556}") = "CleanArchitecture.Application.Commands", "CleanArchitecture.Application\CleanArchitecture.Application.Commands.csproj", "{7D31ACC4-F82F-4EDC-93DE-0DCC23447477}"
EndProject
Project("{9A19103F-16F7-4668-BE54-9A1E7A4F7556}") = "CleanArchitecture.Domain", "CleanArchitecture.Domain\CleanArchitecture.Domain.csproj", "{D35157F9-A58D-4AC9-9F0C-C695262250FF}"
EndProject
Project("{9A19103F-16F7-4668-BE54-9A1E7A4F7556}") = "CleanArchitecture.Infrastructure.Commands", "CleanArchitecture.Infrastructure\CleanArchitecture.Infrastructure.Commands.csproj", "{6B81217C-3455-48FC-A052-026ACCBBD3AF}"
EndProject
Project("{9A19103F-16F7-4668-BE54-9A1E7A4F7556}") = "CleanArchitecture.WebAPI", "CleanArchitecture.WebAPI\CleanArchitecture.WebAPI.csproj", "{9EEFA636-31D9-43CB-BE77-84620BD9C7FA}"
EndProject
Project("{FAE04EC0-301F-11D3-BF4B-00C04F79EFBC}") = "CleanArchitecture.Infrastructure.Queries", "CleanArchitecture.Infrastructure.Queries\CleanArchitecture.Infrastructure.Queries.csproj", "{A03AD3ED-7B88-4B78-83CD-AC8A82206199}"
EndProject
Project("{FAE04EC0-301F-11D3-BF4B-00C04F79EFBC}") = "CleanArchitecture.Application.Queries", "CleanArchitecture.Application.Queries\CleanArchitecture.Application.Queries.csproj", "{9F52D713-6FA4-4690-A848-6F6842C77F1A}"
EndProject
Global
	GlobalSection(SolutionConfigurationPlatforms) = preSolution
		Debug|Any CPU = Debug|Any CPU
		Release|Any CPU = Release|Any CPU
	EndGlobalSection
	GlobalSection(ProjectConfigurationPlatforms) = postSolution
		{7D31ACC4-F82F-4EDC-93DE-0DCC23447477}.Debug|Any CPU.ActiveCfg = Debug|Any CPU
		{7D31ACC4-F82F-4EDC-93DE-0DCC23447477}.Debug|Any CPU.Build.0 = Debug|Any CPU
		{7D31ACC4-F82F-4EDC-93DE-0DCC23447477}.Release|Any CPU.ActiveCfg = Release|Any CPU
		{7D31ACC4-F82F-4EDC-93DE-0DCC23447477}.Release|Any CPU.Build.0 = Release|Any CPU
		{D35157F9-A58D-4AC9-9F0C-C695262250FF}.Debug|Any CPU.ActiveCfg = Debug|Any CPU
		{D35157F9-A58D-4AC9-9F0C-C695262250FF}.Debug|Any CPU.Build.0 = Debug|Any CPU
		{D35157F9-A58D-4AC9-9F0C-C695262250FF}.Release|Any CPU.ActiveCfg = Release|Any CPU
		{D35157F9-A58D-4AC9-9F0C-C695262250FF}.Release|Any CPU.Build.0 = Release|Any CPU
		{6B81217C-3455-48FC-A052-026ACCBBD3AF}.Debug|Any CPU.ActiveCfg = Debug|Any CPU
		{6B81217C-3455-48FC-A052-026ACCBBD3AF}.Debug|Any CPU.Build.0 = Debug|Any CPU
		{6B81217C-3455-48FC-A052-026ACCBBD3AF}.Release|Any CPU.ActiveCfg = Release|Any CPU
		{6B81217C-3455-48FC-A052-026ACCBBD3AF}.Release|Any CPU.Build.0 = Release|Any CPU
		{9EEFA636-31D9-43CB-BE77-84620BD9C7FA}.Debug|Any CPU.ActiveCfg = Debug|Any CPU
		{9EEFA636-31D9-43CB-BE77-84620BD9C7FA}.Debug|Any CPU.Build.0 = Debug|Any CPU
		{9EEFA636-31D9-43CB-BE77-84620BD9C7FA}.Release|Any CPU.ActiveCfg = Release|Any CPU
		{9EEFA636-31D9-43CB-BE77-84620BD9C7FA}.Release|Any CPU.Build.0 = Release|Any CPU
		{A03AD3ED-7B88-4B78-83CD-AC8A82206199}.Debug|Any CPU.ActiveCfg = Debug|Any CPU
		{A03AD3ED-7B88-4B78-83CD-AC8A82206199}.Debug|Any CPU.Build.0 = Debug|Any CPU
		{A03AD3ED-7B88-4B78-83CD-AC8A82206199}.Release|Any CPU.ActiveCfg = Release|Any CPU
		{A03AD3ED-7B88-4B78-83CD-AC8A82206199}.Release|Any CPU.Build.0 = Release|Any CPU
		{9F52D713-6FA4-4690-A848-6F6842C77F1A}.Debug|Any CPU.ActiveCfg = Debug|Any CPU
		{9F52D713-6FA4-4690-A848-6F6842C77F1A}.Debug|Any CPU.Build.0 = Debug|Any CPU
		{9F52D713-6FA4-4690-A848-6F6842C77F1A}.Release|Any CPU.ActiveCfg = Release|Any CPU
		{9F52D713-6FA4-4690-A848-6F6842C77F1A}.Release|Any CPU.Build.0 = Release|Any CPU
	EndGlobalSection
	GlobalSection(SolutionProperties) = preSolution
		HideSolutionNode = FALSE
	EndGlobalSection
	GlobalSection(ExtensibilityGlobals) = postSolution
		SolutionGuid = {589D9EB9-015B-4A5D-9BC8-000100A6C4E1}
	EndGlobalSection
EndGlobal
